
Microsoft Visual Studio Solution File, Format Version 12.00
# Visual Studio Version 17
VisualStudioVersion = 17.12.35527.113 d17.12
MinimumVisualStudioVersion = 10.0.40219.1
Project("{FAE04EC0-301F-11D3-BF4B-00C04F79EFBC}") = "SkipperData", "SkipperData\SkipperData.csproj", "{16D8EE30-4302-463F-9903-FAD8F710381C}"
EndProject
Project("{FAE04EC0-301F-11D3-BF4B-00C04F79EFBC}") = "SkipperCLI", "SkipperCLI\SkipperCLI.csproj", "{B7B10D90-F658-422D-BC72-1D49FC210671}"
EndProject
Project("{FAE04EC0-301F-11D3-BF4B-00C04F79EFBC}") = "NetBlocks", "C:\lib\NetBlocks\NetBlocks.csproj", "{7D7594A4-78C6-4908-9FF2-1F512BB9F262}"
EndProject
Project("{FAE04EC0-301F-11D3-BF4B-00C04F79EFBC}") = "SkipperTests", "SkipperTests\SkipperTests.csproj", "{1ECF3656-D7C0-4DC2-9955-8396381EFDFF}"
EndProject
Project("{FAE04EC0-301F-11D3-BF4B-00C04F79EFBC}") = "SkipperAPI", "SkipperAPI\SkipperAPI.csproj", "{79F8BD1F-B1C8-4DC1-8EAE-8B3AABDEAF8E}"
EndProject
Project("{FAE04EC0-301F-11D3-BF4B-00C04F79EFBC}") = "SkipperWeb", "SkipperWeb\SkipperWeb\SkipperWeb.csproj", "{8F4F8BAB-C6C9-4343-AE0B-D92BBF52CE0A}"
EndProject
Project("{FAE04EC0-301F-11D3-BF4B-00C04F79EFBC}") = "SkipperWeb.Client", "SkipperWeb\SkipperWeb.Client\SkipperWeb.Client.csproj", "{03DFD1BC-35C5-4D5D-A4DB-F9F03AC6229D}"
EndProject
Project("{FAE04EC0-301F-11D3-BF4B-00C04F79EFBC}") = "SkipperModels", "SkipperModels\SkipperModels.csproj", "{3B8B445B-82BF-4348-94BF-1DC0C24D10F8}"
EndProject
Project("{FAE04EC0-301F-11D3-BF4B-00C04F79EFBC}") = "SkipperWeb.Shared", "SkipperWeb.Shared\SkipperWeb.Shared.csproj", "{D36AFAD0-89F7-4FCB-9908-7C0BB40E85E8}"
EndProject
Project("{FAE04EC0-301F-11D3-BF4B-00C04F79EFBC}") = "AuthBlocksModels", "AuthBlocksModels\AuthBlocksModels.csproj", "{2CBE206E-AE77-4CC2-BBE9-7F681C4888E3}"
EndProject
Project("{FAE04EC0-301F-11D3-BF4B-00C04F79EFBC}") = "AuthBlocksData", "AuthBlocksData\AuthBlocksData.csproj", "{908BA468-9054-49E1-9A59-5A155510FBCF}"
EndProject
Project("{FAE04EC0-301F-11D3-BF4B-00C04F79EFBC}") = "AuthBlocksAPI", "AuthBlocksAPI\AuthBlocksAPI.csproj", "{923F37F2-7150-45BF-A3A9-CAB4740B3AFB}"
EndProject
Project("{FAE04EC0-301F-11D3-BF4B-00C04F79EFBC}") = "AuthBlocksWeb", "AuthBlocksWeb\AuthBlocksWeb.csproj", "{93B55B88-4AEE-4157-8E12-54505CF318CA}"
EndProject
Project("{FAE04EC0-301F-11D3-BF4B-00C04F79EFBC}") = "AuthBlocksWeb.Client", "AuthBlocksWeb.Client\AuthBlocksWeb.Client.csproj", "{05377549-C664-4EB3-AFB9-1BB253100C0E}"
EndProject
Project("{FAE04EC0-301F-11D3-BF4B-00C04F79EFBC}") = "SkipperDataAgent", "SkipperDataAgent\SkipperDataAgent.csproj", "{AD2AD469-C7DA-43DC-A506-8ACA2B0E855B}"
EndProject
Project("{FAE04EC0-301F-11D3-BF4B-00C04F79EFBC}") = "GenBlocks", "GenBlocks\GenBlocks.csproj", "{59695912-3EE6-4E49-B4A9-03CCA901CCE0}"
EndProject
Global
	GlobalSection(SolutionConfigurationPlatforms) = preSolution
		Debug|Any CPU = Debug|Any CPU
		Release|Any CPU = Release|Any CPU
	EndGlobalSection
	GlobalSection(ProjectConfigurationPlatforms) = postSolution
		{16D8EE30-4302-463F-9903-FAD8F710381C}.Debug|Any CPU.ActiveCfg = Debug|Any CPU
		{16D8EE30-4302-463F-9903-FAD8F710381C}.Debug|Any CPU.Build.0 = Debug|Any CPU
		{16D8EE30-4302-463F-9903-FAD8F710381C}.Release|Any CPU.ActiveCfg = Release|Any CPU
		{16D8EE30-4302-463F-9903-FAD8F710381C}.Release|Any CPU.Build.0 = Release|Any CPU
		{B7B10D90-F658-422D-BC72-1D49FC210671}.Debug|Any CPU.ActiveCfg = Debug|Any CPU
		{B7B10D90-F658-422D-BC72-1D49FC210671}.Debug|Any CPU.Build.0 = Debug|Any CPU
		{B7B10D90-F658-422D-BC72-1D49FC210671}.Release|Any CPU.ActiveCfg = Release|Any CPU
		{B7B10D90-F658-422D-BC72-1D49FC210671}.Release|Any CPU.Build.0 = Release|Any CPU
		{7D7594A4-78C6-4908-9FF2-1F512BB9F262}.Debug|Any CPU.ActiveCfg = Debug|Any CPU
		{7D7594A4-78C6-4908-9FF2-1F512BB9F262}.Debug|Any CPU.Build.0 = Debug|Any CPU
		{7D7594A4-78C6-4908-9FF2-1F512BB9F262}.Release|Any CPU.ActiveCfg = Release|Any CPU
		{7D7594A4-78C6-4908-9FF2-1F512BB9F262}.Release|Any CPU.Build.0 = Release|Any CPU
		{1ECF3656-D7C0-4DC2-9955-8396381EFDFF}.Debug|Any CPU.ActiveCfg = Debug|Any CPU
		{1ECF3656-D7C0-4DC2-9955-8396381EFDFF}.Debug|Any CPU.Build.0 = Debug|Any CPU
		{1ECF3656-D7C0-4DC2-9955-8396381EFDFF}.Release|Any CPU.ActiveCfg = Release|Any CPU
		{1ECF3656-D7C0-4DC2-9955-8396381EFDFF}.Release|Any CPU.Build.0 = Release|Any CPU
		{79F8BD1F-B1C8-4DC1-8EAE-8B3AABDEAF8E}.Debug|Any CPU.ActiveCfg = Debug|Any CPU
		{79F8BD1F-B1C8-4DC1-8EAE-8B3AABDEAF8E}.Debug|Any CPU.Build.0 = Debug|Any CPU
		{79F8BD1F-B1C8-4DC1-8EAE-8B3AABDEAF8E}.Release|Any CPU.ActiveCfg = Release|Any CPU
		{79F8BD1F-B1C8-4DC1-8EAE-8B3AABDEAF8E}.Release|Any CPU.Build.0 = Release|Any CPU
		{8F4F8BAB-C6C9-4343-AE0B-D92BBF52CE0A}.Debug|Any CPU.ActiveCfg = Debug|Any CPU
		{8F4F8BAB-C6C9-4343-AE0B-D92BBF52CE0A}.Debug|Any CPU.Build.0 = Debug|Any CPU
		{8F4F8BAB-C6C9-4343-AE0B-D92BBF52CE0A}.Release|Any CPU.ActiveCfg = Release|Any CPU
		{8F4F8BAB-C6C9-4343-AE0B-D92BBF52CE0A}.Release|Any CPU.Build.0 = Release|Any CPU
		{03DFD1BC-35C5-4D5D-A4DB-F9F03AC6229D}.Debug|Any CPU.ActiveCfg = Debug|Any CPU
		{03DFD1BC-35C5-4D5D-A4DB-F9F03AC6229D}.Debug|Any CPU.Build.0 = Debug|Any CPU
		{03DFD1BC-35C5-4D5D-A4DB-F9F03AC6229D}.Release|Any CPU.ActiveCfg = Release|Any CPU
		{03DFD1BC-35C5-4D5D-A4DB-F9F03AC6229D}.Release|Any CPU.Build.0 = Release|Any CPU
		{3B8B445B-82BF-4348-94BF-1DC0C24D10F8}.Debug|Any CPU.ActiveCfg = Debug|Any CPU
		{3B8B445B-82BF-4348-94BF-1DC0C24D10F8}.Debug|Any CPU.Build.0 = Debug|Any CPU
		{3B8B445B-82BF-4348-94BF-1DC0C24D10F8}.Release|Any CPU.ActiveCfg = Release|Any CPU
		{3B8B445B-82BF-4348-94BF-1DC0C24D10F8}.Release|Any CPU.Build.0 = Release|Any CPU
		{D36AFAD0-89F7-4FCB-9908-7C0BB40E85E8}.Debug|Any CPU.ActiveCfg = Debug|Any CPU
		{D36AFAD0-89F7-4FCB-9908-7C0BB40E85E8}.Debug|Any CPU.Build.0 = Debug|Any CPU
		{D36AFAD0-89F7-4FCB-9908-7C0BB40E85E8}.Release|Any CPU.ActiveCfg = Release|Any CPU
		{D36AFAD0-89F7-4FCB-9908-7C0BB40E85E8}.Release|Any CPU.Build.0 = Release|Any CPU
		{2CBE206E-AE77-4CC2-BBE9-7F681C4888E3}.Debug|Any CPU.ActiveCfg = Debug|Any CPU
		{2CBE206E-AE77-4CC2-BBE9-7F681C4888E3}.Debug|Any CPU.Build.0 = Debug|Any CPU
		{2CBE206E-AE77-4CC2-BBE9-7F681C4888E3}.Release|Any CPU.ActiveCfg = Release|Any CPU
		{2CBE206E-AE77-4CC2-BBE9-7F681C4888E3}.Release|Any CPU.Build.0 = Release|Any CPU
		{908BA468-9054-49E1-9A59-5A155510FBCF}.Debug|Any CPU.ActiveCfg = Debug|Any CPU
		{908BA468-9054-49E1-9A59-5A155510FBCF}.Debug|Any CPU.Build.0 = Debug|Any CPU
		{908BA468-9054-49E1-9A59-5A155510FBCF}.Release|Any CPU.ActiveCfg = Release|Any CPU
		{908BA468-9054-49E1-9A59-5A155510FBCF}.Release|Any CPU.Build.0 = Release|Any CPU
		{923F37F2-7150-45BF-A3A9-CAB4740B3AFB}.Debug|Any CPU.ActiveCfg = Debug|Any CPU
		{923F37F2-7150-45BF-A3A9-CAB4740B3AFB}.Debug|Any CPU.Build.0 = Debug|Any CPU
		{923F37F2-7150-45BF-A3A9-CAB4740B3AFB}.Release|Any CPU.ActiveCfg = Release|Any CPU
		{923F37F2-7150-45BF-A3A9-CAB4740B3AFB}.Release|Any CPU.Build.0 = Release|Any CPU
		{93B55B88-4AEE-4157-8E12-54505CF318CA}.Debug|Any CPU.ActiveCfg = Debug|Any CPU
		{93B55B88-4AEE-4157-8E12-54505CF318CA}.Debug|Any CPU.Build.0 = Debug|Any CPU
		{93B55B88-4AEE-4157-8E12-54505CF318CA}.Release|Any CPU.ActiveCfg = Release|Any CPU
		{93B55B88-4AEE-4157-8E12-54505CF318CA}.Release|Any CPU.Build.0 = Release|Any CPU
		{05377549-C664-4EB3-AFB9-1BB253100C0E}.Debug|Any CPU.ActiveCfg = Debug|Any CPU
		{05377549-C664-4EB3-AFB9-1BB253100C0E}.Debug|Any CPU.Build.0 = Debug|Any CPU
		{05377549-C664-4EB3-AFB9-1BB253100C0E}.Release|Any CPU.ActiveCfg = Release|Any CPU
		{05377549-C664-4EB3-AFB9-1BB253100C0E}.Release|Any CPU.Build.0 = Release|Any CPU
		{AD2AD469-C7DA-43DC-A506-8ACA2B0E855B}.Debug|Any CPU.ActiveCfg = Debug|Any CPU
		{AD2AD469-C7DA-43DC-A506-8ACA2B0E855B}.Debug|Any CPU.Build.0 = Debug|Any CPU
		{AD2AD469-C7DA-43DC-A506-8ACA2B0E855B}.Release|Any CPU.ActiveCfg = Release|Any CPU
		{AD2AD469-C7DA-43DC-A506-8ACA2B0E855B}.Release|Any CPU.Build.0 = Release|Any CPU
		{59695912-3EE6-4E49-B4A9-03CCA901CCE0}.Debug|Any CPU.ActiveCfg = Debug|Any CPU
		{59695912-3EE6-4E49-B4A9-03CCA901CCE0}.Debug|Any CPU.Build.0 = Debug|Any CPU
		{59695912-3EE6-4E49-B4A9-03CCA901CCE0}.Release|Any CPU.ActiveCfg = Release|Any CPU
		{59695912-3EE6-4E49-B4A9-03CCA901CCE0}.Release|Any CPU.Build.0 = Release|Any CPU
	EndGlobalSection
	GlobalSection(SolutionProperties) = preSolution
		HideSolutionNode = FALSE
	EndGlobalSection
EndGlobal
