
Microsoft Visual Studio Solution File, Format Version 12.00
Project("{FAE04EC0-301F-11D3-BF4B-00C04F79EFBC}") = "SkipperModels", "SkipperModels\SkipperModels.csproj", "{9EFEA77F-7FC3-4C4F-A449-84A0A69499C5}"
EndProject
Project("{FAE04EC0-301F-11D3-BF4B-00C04F79EFBC}") = "SkipperAPI", "SkipperAPI\SkipperAPI.csproj", "{11D9C5F8-FA61-46DB-AA1E-DDAC0F13437C}"
EndProject
Project("{FAE04EC0-301F-11D3-BF4B-00C04F79EFBC}") = "SkipperTests", "SkipperTests\SkipperTests.csproj", "{3A63B83A-49BC-46C2-9D40-9BBACE117590}"
EndProject
Project("{FAE04EC0-301F-11D3-BF4B-00C04F79EFBC}") = "SkipperData", "SkipperData\SkipperData.csproj", "{AB29BC26-4777-488E-8C25-F02C88BA584C}"
EndProject
Project("{FAE04EC0-301F-11D3-BF4B-00C04F79EFBC}") = "NetBlocks", "C:\lib\NetBlocks\NetBlocks.csproj", "{2E3C8FBF-22BA-47B1-A875-792BCCF4A80C}"
EndProject
Project("{FAE04EC0-301F-11D3-BF4B-00C04F79EFBC}") = "AuthBlocksData", "AuthBlocksData\AuthBlocksData.csproj", "{63D71282-29EF-47B1-A76B-D46379A4333B}"
EndProject
Project("{FAE04EC0-301F-11D3-BF4B-00C04F79EFBC}") = "AuthBlocksModels", "AuthBlocksModels\AuthBlocksModels.csproj", "{2524CFA1-60CF-4A4F-95B4-79EC5BC93F0D}"
EndProject
Project("{FAE04EC0-301F-11D3-BF4B-00C04F79EFBC}") = "AuthBlocksAPI", "AuthBlocksAPI\AuthBlocksAPI.csproj", "{F171DF10-A7F2-4E82-915A-8A1035BB3CD3}"
EndProject
Project("{FAE04EC0-301F-11D3-BF4B-00C04F79EFBC}") = "GenBlocks", "GenBlocks\GenBlocks.csproj", "{55D70098-33CB-450C-9D43-933A04E23D22}"
EndProject
Global
	GlobalSection(SolutionConfigurationPlatforms) = preSolution
		Debug|Any CPU = Debug|Any CPU
		Release|Any CPU = Release|Any CPU
	EndGlobalSection
	GlobalSection(ProjectConfigurationPlatforms) = postSolution
		{9EFEA77F-7FC3-4C4F-A449-84A0A69499C5}.Debug|Any CPU.ActiveCfg = Debug|Any CPU
		{9EFEA77F-7FC3-4C4F-A449-84A0A69499C5}.Debug|Any CPU.Build.0 = Debug|Any CPU
		{9EFEA77F-7FC3-4C4F-A449-84A0A69499C5}.Release|Any CPU.ActiveCfg = Release|Any CPU
		{9EFEA77F-7FC3-4C4F-A449-84A0A69499C5}.Release|Any CPU.Build.0 = Release|Any CPU
		{11D9C5F8-FA61-46DB-AA1E-DDAC0F13437C}.Debug|Any CPU.ActiveCfg = Debug|Any CPU
		{11D9C5F8-FA61-46DB-AA1E-DDAC0F13437C}.Debug|Any CPU.Build.0 = Debug|Any CPU
		{11D9C5F8-FA61-46DB-AA1E-DDAC0F13437C}.Release|Any CPU.ActiveCfg = Release|Any CPU
		{11D9C5F8-FA61-46DB-AA1E-DDAC0F13437C}.Release|Any CPU.Build.0 = Release|Any CPU
		{3A63B83A-49BC-46C2-9D40-9BBACE117590}.Debug|Any CPU.ActiveCfg = Debug|Any CPU
		{3A63B83A-49BC-46C2-9D40-9BBACE117590}.Debug|Any CPU.Build.0 = Debug|Any CPU
		{3A63B83A-49BC-46C2-9D40-9BBACE117590}.Release|Any CPU.ActiveCfg = Release|Any CPU
		{3A63B83A-49BC-46C2-9D40-9BBACE117590}.Release|Any CPU.Build.0 = Release|Any CPU
		{AB29BC26-4777-488E-8C25-F02C88BA584C}.Debug|Any CPU.ActiveCfg = Debug|Any CPU
		{AB29BC26-4777-488E-8C25-F02C88BA584C}.Debug|Any CPU.Build.0 = Debug|Any CPU
		{AB29BC26-4777-488E-8C25-F02C88BA584C}.Release|Any CPU.ActiveCfg = Release|Any CPU
		{AB29BC26-4777-488E-8C25-F02C88BA584C}.Release|Any CPU.Build.0 = Release|Any CPU
		{2E3C8FBF-22BA-47B1-A875-792BCCF4A80C}.Debug|Any CPU.ActiveCfg = Debug|Any CPU
		{2E3C8FBF-22BA-47B1-A875-792BCCF4A80C}.Debug|Any CPU.Build.0 = Debug|Any CPU
		{2E3C8FBF-22BA-47B1-A875-792BCCF4A80C}.Release|Any CPU.ActiveCfg = Release|Any CPU
		{2E3C8FBF-22BA-47B1-A875-792BCCF4A80C}.Release|Any CPU.Build.0 = Release|Any CPU
		{63D71282-29EF-47B1-A76B-D46379A4333B}.Debug|Any CPU.ActiveCfg = Debug|Any CPU
		{63D71282-29EF-47B1-A76B-D46379A4333B}.Debug|Any CPU.Build.0 = Debug|Any CPU
		{63D71282-29EF-47B1-A76B-D46379A4333B}.Release|Any CPU.ActiveCfg = Release|Any CPU
		{63D71282-29EF-47B1-A76B-D46379A4333B}.Release|Any CPU.Build.0 = Release|Any CPU
		{2524CFA1-60CF-4A4F-95B4-79EC5BC93F0D}.Debug|Any CPU.ActiveCfg = Debug|Any CPU
		{2524CFA1-60CF-4A4F-95B4-79EC5BC93F0D}.Debug|Any CPU.Build.0 = Debug|Any CPU
		{2524CFA1-60CF-4A4F-95B4-79EC5BC93F0D}.Release|Any CPU.ActiveCfg = Release|Any CPU
		{2524CFA1-60CF-4A4F-95B4-79EC5BC93F0D}.Release|Any CPU.Build.0 = Release|Any CPU
		{F171DF10-A7F2-4E82-915A-8A1035BB3CD3}.Debug|Any CPU.ActiveCfg = Debug|Any CPU
		{F171DF10-A7F2-4E82-915A-8A1035BB3CD3}.Debug|Any CPU.Build.0 = Debug|Any CPU
		{F171DF10-A7F2-4E82-915A-8A1035BB3CD3}.Release|Any CPU.ActiveCfg = Release|Any CPU
		{F171DF10-A7F2-4E82-915A-8A1035BB3CD3}.Release|Any CPU.Build.0 = Release|Any CPU
		{55D70098-33CB-450C-9D43-933A04E23D22}.Debug|Any CPU.ActiveCfg = Debug|Any CPU
		{55D70098-33CB-450C-9D43-933A04E23D22}.Debug|Any CPU.Build.0 = Debug|Any CPU
		{55D70098-33CB-450C-9D43-933A04E23D22}.Release|Any CPU.ActiveCfg = Release|Any CPU
		{55D70098-33CB-450C-9D43-933A04E23D22}.Release|Any CPU.Build.0 = Release|Any CPU
	EndGlobalSection
EndGlobal
