
Microsoft Visual Studio Solution File, Format Version 12.00
# Visual Studio Version 17
VisualStudioVersion = 17.12.35527.113
MinimumVisualStudioVersion = 10.0.40219.1
Project("{FAE04EC0-301F-11D3-BF4B-00C04F79EFBC}") = "SkipperModels", "SkipperModels\SkipperModels.csproj", "{3EB6FF31-006E-4388-B25F-7F271A239B36}"
EndProject
Project("{FAE04EC0-301F-11D3-BF4B-00C04F79EFBC}") = "SkipperWeb", "SkipperWeb\SkipperWeb\SkipperWeb.csproj", "{0A1CBA1C-C017-4E32-822F-C3F391334D24}"
EndProject
Project("{FAE04EC0-301F-11D3-BF4B-00C04F79EFBC}") = "SkipperWeb.Client", "SkipperWeb\SkipperWeb.Client\SkipperWeb.Client.csproj", "{190FDF50-B3EE-49B9-AC91-6F7C201E6A2B}"
EndProject
Project("{FAE04EC0-301F-11D3-BF4B-00C04F79EFBC}") = "SkipperWeb.Shared", "SkipperWeb.Shared\SkipperWeb.Shared.csproj", "{740E86C3-2599-45AD-8C71-3B428D19F8C1}"
EndProject
Project("{FAE04EC0-301F-11D3-BF4B-00C04F79EFBC}") = "NetBlocks", "C:\lib\NetBlocks\NetBlocks.csproj", "{0EDB3500-BE24-4810-82F3-2EB0154B1EBB}"
EndProject
Project("{FAE04EC0-301F-11D3-BF4B-00C04F79EFBC}") = "AuthBlocksModels", "AuthBlocksModels\AuthBlocksModels.csproj", "{9622C4C5-4C55-9A49-B5D3-3C7A2871C18F}"
EndProject
Project("{FAE04EC0-301F-11D3-BF4B-00C04F79EFBC}") = "AuthBlocksWeb", "AuthBlocksWeb\AuthBlocksWeb.csproj", "{C78136FF-183D-79B7-1021-7C298DA4ACDC}"
EndProject
Project("{FAE04EC0-301F-11D3-BF4B-00C04F79EFBC}") = "AuthBlocksWeb.Client", "AuthBlocksWeb.Client\AuthBlocksWeb.Client.csproj", "{912AE93B-848C-1315-C568-CE34CCAF714C}"
EndProject
Global
	GlobalSection(SolutionConfigurationPlatforms) = preSolution
		Debug|Any CPU = Debug|Any CPU
		Release|Any CPU = Release|Any CPU
	EndGlobalSection
	GlobalSection(ProjectConfigurationPlatforms) = postSolution
		{3EB6FF31-006E-4388-B25F-7F271A239B36}.Debug|Any CPU.ActiveCfg = Debug|Any CPU
		{3EB6FF31-006E-4388-B25F-7F271A239B36}.Debug|Any CPU.Build.0 = Debug|Any CPU
		{3EB6FF31-006E-4388-B25F-7F271A239B36}.Release|Any CPU.ActiveCfg = Release|Any CPU
		{3EB6FF31-006E-4388-B25F-7F271A239B36}.Release|Any CPU.Build.0 = Release|Any CPU
		{0A1CBA1C-C017-4E32-822F-C3F391334D24}.Debug|Any CPU.ActiveCfg = Debug|Any CPU
		{0A1CBA1C-C017-4E32-822F-C3F391334D24}.Debug|Any CPU.Build.0 = Debug|Any CPU
		{0A1CBA1C-C017-4E32-822F-C3F391334D24}.Release|Any CPU.ActiveCfg = Release|Any CPU
		{0A1CBA1C-C017-4E32-822F-C3F391334D24}.Release|Any CPU.Build.0 = Release|Any CPU
		{190FDF50-B3EE-49B9-AC91-6F7C201E6A2B}.Debug|Any CPU.ActiveCfg = Debug|Any CPU
		{190FDF50-B3EE-49B9-AC91-6F7C201E6A2B}.Debug|Any CPU.Build.0 = Debug|Any CPU
		{190FDF50-B3EE-49B9-AC91-6F7C201E6A2B}.Release|Any CPU.ActiveCfg = Release|Any CPU
		{190FDF50-B3EE-49B9-AC91-6F7C201E6A2B}.Release|Any CPU.Build.0 = Release|Any CPU
		{740E86C3-2599-45AD-8C71-3B428D19F8C1}.Debug|Any CPU.ActiveCfg = Debug|Any CPU
		{740E86C3-2599-45AD-8C71-3B428D19F8C1}.Debug|Any CPU.Build.0 = Debug|Any CPU
		{740E86C3-2599-45AD-8C71-3B428D19F8C1}.Release|Any CPU.ActiveCfg = Release|Any CPU
		{740E86C3-2599-45AD-8C71-3B428D19F8C1}.Release|Any CPU.Build.0 = Release|Any CPU
		{0EDB3500-BE24-4810-82F3-2EB0154B1EBB}.Debug|Any CPU.ActiveCfg = Debug|Any CPU
		{0EDB3500-BE24-4810-82F3-2EB0154B1EBB}.Debug|Any CPU.Build.0 = Debug|Any CPU
		{0EDB3500-BE24-4810-82F3-2EB0154B1EBB}.Release|Any CPU.ActiveCfg = Release|Any CPU
		{0EDB3500-BE24-4810-82F3-2EB0154B1EBB}.Release|Any CPU.Build.0 = Release|Any CPU
		{9622C4C5-4C55-9A49-B5D3-3C7A2871C18F}.Debug|Any CPU.ActiveCfg = Debug|Any CPU
		{9622C4C5-4C55-9A49-B5D3-3C7A2871C18F}.Debug|Any CPU.Build.0 = Debug|Any CPU
		{9622C4C5-4C55-9A49-B5D3-3C7A2871C18F}.Release|Any CPU.ActiveCfg = Release|Any CPU
		{9622C4C5-4C55-9A49-B5D3-3C7A2871C18F}.Release|Any CPU.Build.0 = Release|Any CPU
		{C78136FF-183D-79B7-1021-7C298DA4ACDC}.Debug|Any CPU.ActiveCfg = Debug|Any CPU
		{C78136FF-183D-79B7-1021-7C298DA4ACDC}.Debug|Any CPU.Build.0 = Debug|Any CPU
		{C78136FF-183D-79B7-1021-7C298DA4ACDC}.Release|Any CPU.ActiveCfg = Release|Any CPU
		{C78136FF-183D-79B7-1021-7C298DA4ACDC}.Release|Any CPU.Build.0 = Release|Any CPU
		{912AE93B-848C-1315-C568-CE34CCAF714C}.Debug|Any CPU.ActiveCfg = Debug|Any CPU
		{912AE93B-848C-1315-C568-CE34CCAF714C}.Debug|Any CPU.Build.0 = Debug|Any CPU
		{912AE93B-848C-1315-C568-CE34CCAF714C}.Release|Any CPU.ActiveCfg = Release|Any CPU
		{912AE93B-848C-1315-C568-CE34CCAF714C}.Release|Any CPU.Build.0 = Release|Any CPU
	EndGlobalSection
	GlobalSection(SolutionProperties) = preSolution
		HideSolutionNode = FALSE
	EndGlobalSection
	GlobalSection(ExtensibilityGlobals) = postSolution
		SolutionGuid = {08D65A38-5DD5-4222-8A0A-686C40B6C702}
	EndGlobalSection
EndGlobal
